# This file is automatically @generated by Cargo.
# It is not intended for manual editing.
version = 4

[[package]]
name = "areev-tool-a2a-call"
version = "0.0.0"
dependencies = [
 "areev-tool-common",
]

[[package]]
name = "areev-tool-common"
version = "0.0.0"

[[package]]
name = "areev-tool-http-call"
version = "0.0.0"
dependencies = [
 "areev-tool-common",
]

[[package]]
name = "areev-tool-mailbox-poll"
version = "0.0.0"
dependencies = [
 "areev-tool-common",
]

[[package]]
name = "areev-tool-mcp-call"
version = "0.0.0"
dependencies = [
 "areev-tool-common",
]
